
Microsoft Visual Studio Solution File, Format Version 12.00
# Visual Studio 15
VisualStudioVersion = 15.0.28010.2046
MinimumVisualStudioVersion = 10.0.40219.1
Project("{FAE04EC0-301F-11D3-BF4B-00C04F79EFBC}") = "ShoeMeDear.Web", "ShoeMeDear\ShoeMeDear.Web.csproj", "{BF7F6DD5-369A-4326-A822-6B781871678F}"
EndProject
Project("{2150E333-8FDC-42A3-9474-1A3956D46DE8}") = "DataAccess", "DataAccess", "{3AD629D8-2C6E-4D72-8907-482A12F707E2}"
EndProject
Project("{2150E333-8FDC-42A3-9474-1A3956D46DE8}") = "Logic", "Logic", "{D0E80A63-7937-4060-A19A-0E6D85427D64}"
EndProject
Project("{2150E333-8FDC-42A3-9474-1A3956D46DE8}") = "Tests", "Tests", "{E618926D-F248-4EBF-AFB0-2D4470B9DFFE}"
EndProject
Project("{FAE04EC0-301F-11D3-BF4B-00C04F79EFBC}") = "ShoeMeDear.DataAccess", "ShoeMeDear.DataAccess\ShoeMeDear.DataAccess.csproj", "{19773413-B154-4265-A5FE-F66742F90015}"
EndProject
Project("{FAE04EC0-301F-11D3-BF4B-00C04F79EFBC}") = "ShoeMeDear.DataAccess.Common", "ShoeMeDear.DataAccess.Common\ShoeMeDear.DataAccess.Common.csproj", "{726D2623-0B0B-4E6A-B8B7-34B700CCF294}"
EndProject
Project("{FAE04EC0-301F-11D3-BF4B-00C04F79EFBC}") = "ShoeMeDear.Logic.Common", "ShoeMeDear.Logic.Common\ShoeMeDear.Logic.Common.csproj", "{61C9121F-3AF0-4A8A-8798-1725FF2BC923}"
EndProject
Project("{FAE04EC0-301F-11D3-BF4B-00C04F79EFBC}") = "ShoeMeDear.Logic", "ShoeMeDear.Logic\ShoeMeDear.Logic.csproj", "{49BABD61-510C-41A0-B0D7-98FA7AFC6528}"
EndProject
Global
	GlobalSection(SolutionConfigurationPlatforms) = preSolution
		Debug|Any CPU = Debug|Any CPU
		Release|Any CPU = Release|Any CPU
	EndGlobalSection
	GlobalSection(ProjectConfigurationPlatforms) = postSolution
		{BF7F6DD5-369A-4326-A822-6B781871678F}.Debug|Any CPU.ActiveCfg = Debug|Any CPU
		{BF7F6DD5-369A-4326-A822-6B781871678F}.Debug|Any CPU.Build.0 = Debug|Any CPU
		{BF7F6DD5-369A-4326-A822-6B781871678F}.Release|Any CPU.ActiveCfg = Release|Any CPU
		{BF7F6DD5-369A-4326-A822-6B781871678F}.Release|Any CPU.Build.0 = Release|Any CPU
		{19773413-B154-4265-A5FE-F66742F90015}.Debug|Any CPU.ActiveCfg = Debug|Any CPU
		{19773413-B154-4265-A5FE-F66742F90015}.Debug|Any CPU.Build.0 = Debug|Any CPU
		{19773413-B154-4265-A5FE-F66742F90015}.Release|Any CPU.ActiveCfg = Release|Any CPU
		{19773413-B154-4265-A5FE-F66742F90015}.Release|Any CPU.Build.0 = Release|Any CPU
		{726D2623-0B0B-4E6A-B8B7-34B700CCF294}.Debug|Any CPU.ActiveCfg = Debug|Any CPU
		{726D2623-0B0B-4E6A-B8B7-34B700CCF294}.Debug|Any CPU.Build.0 = Debug|Any CPU
		{726D2623-0B0B-4E6A-B8B7-34B700CCF294}.Release|Any CPU.ActiveCfg = Release|Any CPU
		{726D2623-0B0B-4E6A-B8B7-34B700CCF294}.Release|Any CPU.Build.0 = Release|Any CPU
		{61C9121F-3AF0-4A8A-8798-1725FF2BC923}.Debug|Any CPU.ActiveCfg = Debug|Any CPU
		{61C9121F-3AF0-4A8A-8798-1725FF2BC923}.Debug|Any CPU.Build.0 = Debug|Any CPU
		{61C9121F-3AF0-4A8A-8798-1725FF2BC923}.Release|Any CPU.ActiveCfg = Release|Any CPU
		{61C9121F-3AF0-4A8A-8798-1725FF2BC923}.Release|Any CPU.Build.0 = Release|Any CPU
		{49BABD61-510C-41A0-B0D7-98FA7AFC6528}.Debug|Any CPU.ActiveCfg = Debug|Any CPU
		{49BABD61-510C-41A0-B0D7-98FA7AFC6528}.Debug|Any CPU.Build.0 = Debug|Any CPU
		{49BABD61-510C-41A0-B0D7-98FA7AFC6528}.Release|Any CPU.ActiveCfg = Release|Any CPU
		{49BABD61-510C-41A0-B0D7-98FA7AFC6528}.Release|Any CPU.Build.0 = Release|Any CPU
	EndGlobalSection
	GlobalSection(SolutionProperties) = preSolution
		HideSolutionNode = FALSE
	EndGlobalSection
	GlobalSection(NestedProjects) = preSolution
		{19773413-B154-4265-A5FE-F66742F90015} = {3AD629D8-2C6E-4D72-8907-482A12F707E2}
		{726D2623-0B0B-4E6A-B8B7-34B700CCF294} = {3AD629D8-2C6E-4D72-8907-482A12F707E2}
		{61C9121F-3AF0-4A8A-8798-1725FF2BC923} = {D0E80A63-7937-4060-A19A-0E6D85427D64}
		{49BABD61-510C-41A0-B0D7-98FA7AFC6528} = {D0E80A63-7937-4060-A19A-0E6D85427D64}
	EndGlobalSection
	GlobalSection(ExtensibilityGlobals) = postSolution
		SolutionGuid = {71738BBD-85D3-4E71-A875-D05870631038}
	EndGlobalSection
EndGlobal
